lockfileVersion: '6.0'

dependencies:
  '@grammyjs/conversations':
    specifier: ^1.2.0
    version: registry.npmmirror.com/@grammyjs/conversations@1.2.0(grammy@1.28.0)
  '@grammyjs/storage-file':
    specifier: ^2.4.2
    version: registry.npmmirror.com/@grammyjs/storage-file@2.4.2
  dotenv:
    specifier: ^16.4.5
    version: registry.npmmirror.com/dotenv@16.4.5
  grammy:
    specifier: ^1.28.0
    version: registry.npmmirror.com/grammy@1.28.0
  https-proxy-agent:
    specifier: ^7.0.5
    version: registry.npmmirror.com/https-proxy-agent@7.0.5
  ton:
    specifier: ^13.9.0
    version: registry.npmmirror.com/ton@13.9.0(ton-core@0.53.0)(ton-crypto@3.2.0)
  ts-node:
    specifier: ^10.9.2
    version: registry.npmmirror.com/ts-node@10.9.2(@types/node@22.1.0)(typescript@5.5.4)
  winston:
    specifier: ^3.13.1
    version: registry.npmmirror.com/winston@3.13.1

devDependencies:
  '@types/node':
    specifier: ^22.1.0
    version: registry.npmmirror.com/@types/node@22.1.0
  typescript:
    specifier: ^5.5.4
    version: registry.npmmirror.com/typescript@5.5.4

packages:

  registry.npmmirror.com/@colors/colors@1.6.0:
    resolution: {integrity: sha512-Ir+AOibqzrIsL6ajt3Rz3LskB7OiMVHqltZmspbW/TJuTVuyOMirVqAkjfY6JISiLHgyNqicAC8AyHHGzNd/dA==, registry: http://registry.npm.taobao.org/, tarball: https://registry.npmmirror.com/@colors/colors/-/colors-1.6.0.tgz}
    name: '@colors/colors'
    version: 1.6.0
    engines: {node: '>=0.1.90'}
    dev: false

  registry.npmmirror.com/@cspotcode/source-map-support@0.8.1:
    resolution: {integrity: sha512-IchNf6dN4tHoMFIn/7OE8LWZ19Y6q/67Bmf6vnGREv8RSbBVb9LPJxEcnwrcwX6ixSvaiGoomAUvu4YSxXrVgw==, registry: http://registry.npm.taobao.org/, tarball: https://registry.npmmirror.com/@cspotcode/source-map-support/-/source-map-support-0.8.1.tgz}
    name: '@cspotcode/source-map-support'
    version: 0.8.1
    engines: {node: '>=12'}
    dependencies:
      '@jridgewell/trace-mapping': registry.npmmirror.com/@jridgewell/trace-mapping@0.3.9
    dev: false

  registry.npmmirror.com/@dabh/diagnostics@2.0.3:
    resolution: {integrity: sha512-hrlQOIi7hAfzsMqlGSFyVucrx38O+j6wiGOf//H2ecvIEqYN4ADBSS2iLMh5UFyDunCNniUIPk/q3riFv45xRA==, registry: http://registry.npm.taobao.org/, tarball: https://registry.npmmirror.com/@dabh/diagnostics/-/diagnostics-2.0.3.tgz}
    name: '@dabh/diagnostics'
    version: 2.0.3
    dependencies:
      colorspace: registry.npmmirror.com/colorspace@1.1.4
      enabled: registry.npmmirror.com/enabled@2.0.0
      kuler: registry.npmmirror.com/kuler@2.0.0
    dev: false

  registry.npmmirror.com/@deno/shim-deno-test@0.4.0:
    resolution: {integrity: sha512-oYWcD7CpERZy/TXMTM9Tgh1HD/POHlbY9WpzmAk+5H8DohcxG415Qws8yLGlim3EaKBT2v3lJv01x4G0BosnaQ==, registry: http://registry.npm.taobao.org/, tarball: https://registry.npmmirror.com/@deno/shim-deno-test/-/shim-deno-test-0.4.0.tgz}
    name: '@deno/shim-deno-test'
    version: 0.4.0
    dev: false

  registry.npmmirror.com/@deno/shim-deno@0.16.1:
    resolution: {integrity: sha512-s9v0kzF5bm/o9TgdwvsraHx6QNllYrXXmKzgOG2lh4LFXnVMr2gpjK/c/ve6EflQn1MqImcWmVD8HAv5ahuuZQ==, registry: http://registry.npm.taobao.org/, tarball: https://registry.npmmirror.com/@deno/shim-deno/-/shim-deno-0.16.1.tgz}
    name: '@deno/shim-deno'
    version: 0.16.1
    dependencies:
      '@deno/shim-deno-test': registry.npmmirror.com/@deno/shim-deno-test@0.4.0
      which: registry.npmmirror.com/which@2.0.2
    dev: false

  registry.npmmirror.com/@grammyjs/conversations@1.2.0(grammy@1.28.0):
    resolution: {integrity: sha512-d06nGFPlcea4UqjOcxCm5rwiV74bZQVUWQl3YVQp5TwC0oCHNK+PXgqaKkVgkfcYSMyx3dADRBuBkcGt+yiyDA==, registry: http://registry.npm.taobao.org/, tarball: https://registry.npmmirror.com/@grammyjs/conversations/-/conversations-1.2.0.tgz}
    id: registry.npmmirror.com/@grammyjs/conversations/1.2.0
    name: '@grammyjs/conversations'
    version: 1.2.0
    engines: {node: ^12.20.0 || >=14.13.1}
    peerDependencies:
      grammy: ^1.20.1
    dependencies:
      debug: registry.npmmirror.com/debug@4.3.6
      grammy: registry.npmmirror.com/grammy@1.28.0
      o-son: registry.npmmirror.com/o-son@1.0.4
    transitivePeerDependencies:
      - supports-color
    dev: false

  registry.npmmirror.com/@grammyjs/storage-file@2.4.2:
    resolution: {integrity: sha512-LWMvy5yCAxnYuKgCASRDCq8VSQ1SXn3t8ZzkG3ftcJD6+HQkDhe4GETCxWGbPOqVH7jFMOIt7PnoP9DuoR4T6g==, registry: http://registry.npm.taobao.org/, tarball: https://registry.npmmirror.com/@grammyjs/storage-file/-/storage-file-2.4.2.tgz}
    name: '@grammyjs/storage-file'
    version: 2.4.2
    dev: false

  registry.npmmirror.com/@grammyjs/types@3.12.0:
    resolution: {integrity: sha512-ttC8mFeE+52XwpuXzWarvj5CXWRL2PfHSf1X3WDBC7EzQUqrbPLjJTMnm2ikSOqyTwVseJhtujZ+v42A6NbZmQ==, registry: http://registry.npm.taobao.org/, tarball: https://registry.npmmirror.com/@grammyjs/types/-/types-3.12.0.tgz}
    name: '@grammyjs/types'
    version: 3.12.0
    dev: false

  registry.npmmirror.com/@jridgewell/resolve-uri@3.1.2:
    resolution: {integrity: sha512-bRISgCIjP20/tbWSPWMEi54QVPRZExkuD9lJL+UIxUKtwVJA8wW1Trb1jMs1RFXo1CBTNZ/5hpC9QvmKWdopKw==, registry: http://registry.npm.taobao.org/, tarball: https://registry.npmmirror.com/@jridgewell/resolve-uri/-/resolve-uri-3.1.2.tgz}
    name: '@jridgewell/resolve-uri'
    version: 3.1.2
    engines: {node: '>=6.0.0'}
    dev: false

  registry.npmmirror.com/@jridgewell/sourcemap-codec@1.5.0:
    resolution: {integrity: sha512-gv3ZRaISU3fjPAgNsriBRqGWQL6quFx04YMPW/zD8XMLsU32mhCCbfbO6KZFLjvYpCZ8zyDEgqsgf+PwPaM7GQ==, registry: http://registry.npm.taobao.org/, tarball: https://registry.npmmirror.com/@jridgewell/sourcemap-codec/-/sourcemap-codec-1.5.0.tgz}
    name: '@jridgewell/sourcemap-codec'
    version: 1.5.0
    dev: false

  registry.npmmirror.com/@jridgewell/trace-mapping@0.3.9:
    resolution: {integrity: sha512-3Belt6tdc8bPgAtbcmdtNJlirVoTmEb5e2gC94PnkwEW9jI6CAHUeoG85tjWP5WquqfavoMtMwiG4P926ZKKuQ==, registry: http://registry.npm.taobao.org/, tarball: https://registry.npmmirror.com/@jridgewell/trace-mapping/-/trace-mapping-0.3.9.tgz}
    name: '@jridgewell/trace-mapping'
    version: 0.3.9
    dependencies:
      '@jridgewell/resolve-uri': registry.npmmirror.com/@jridgewell/resolve-uri@3.1.2
      '@jridgewell/sourcemap-codec': registry.npmmirror.com/@jridgewell/sourcemap-codec@1.5.0
    dev: false

  registry.npmmirror.com/@tsconfig/node10@1.0.11:
    resolution: {integrity: sha512-DcRjDCujK/kCk/cUe8Xz8ZSpm8mS3mNNpta+jGCA6USEDfktlNvm1+IuZ9eTcDbNk41BHwpHHeW+N1lKCz4zOw==, registry: http://registry.npm.taobao.org/, tarball: https://registry.npmmirror.com/@tsconfig/node10/-/node10-1.0.11.tgz}
    name: '@tsconfig/node10'
    version: 1.0.11
    dev: false

  registry.npmmirror.com/@tsconfig/node12@1.0.11:
    resolution: {integrity: sha512-cqefuRsh12pWyGsIoBKJA9luFu3mRxCA+ORZvA4ktLSzIuCUtWVxGIuXigEwO5/ywWFMZ2QEGKWvkZG1zDMTag==, registry: http://registry.npm.taobao.org/, tarball: https://registry.npmmirror.com/@tsconfig/node12/-/node12-1.0.11.tgz}
    name: '@tsconfig/node12'
    version: 1.0.11
    dev: false

  registry.npmmirror.com/@tsconfig/node14@1.0.3:
    resolution: {integrity: sha512-ysT8mhdixWK6Hw3i1V2AeRqZ5WfXg1G43mqoYlM2nc6388Fq5jcXyr5mRsqViLx/GJYdoL0bfXD8nmF+Zn/Iow==, registry: http://registry.npm.taobao.org/, tarball: https://registry.npmmirror.com/@tsconfig/node14/-/node14-1.0.3.tgz}
    name: '@tsconfig/node14'
    version: 1.0.3
    dev: false

  registry.npmmirror.com/@tsconfig/node16@1.0.4:
    resolution: {integrity: sha512-vxhUy4J8lyeyinH7Azl1pdd43GJhZH/tP2weN8TntQblOY+A0XbT8DJk1/oCPuOOyg/Ja757rG0CgHcWC8OfMA==, registry: http://registry.npm.taobao.org/, tarball: https://registry.npmmirror.com/@tsconfig/node16/-/node16-1.0.4.tgz}
    name: '@tsconfig/node16'
    version: 1.0.4
    dev: false

  registry.npmmirror.com/@types/node@22.1.0:
    resolution: {integrity: sha512-AOmuRF0R2/5j1knA3c6G3HOk523Ga+l+ZXltX8SF1+5oqcXijjfTd8fY3XRZqSihEu9XhtQnKYLmkFaoxgsJHw==, registry: http://registry.npm.taobao.org/, tarball: https://registry.npmmirror.com/@types/node/-/node-22.1.0.tgz}
    name: '@types/node'
    version: 22.1.0
    dependencies:
      undici-types: registry.npmmirror.com/undici-types@6.13.0

  registry.npmmirror.com/@types/triple-beam@1.3.5:
    resolution: {integrity: sha512-6WaYesThRMCl19iryMYP7/x2OVgCtbIVflDGFpWnb9irXI3UjYE4AzmYuiUKY1AJstGijoY+MgUszMgRxIYTYw==, registry: http://registry.npm.taobao.org/, tarball: https://registry.npmmirror.com/@types/triple-beam/-/triple-beam-1.3.5.tgz}
    name: '@types/triple-beam'
    version: 1.3.5
    dev: false

  registry.npmmirror.com/abort-controller@3.0.0:
    resolution: {integrity: sha512-h8lQ8tacZYnR3vNQTgibj+tODHI5/+l06Au2Pcriv/Gmet0eaj4TwWH41sO9wnHDiQsEj19q0drzdWdeAHtweg==, registry: http://registry.npm.taobao.org/, tarball: https://registry.npmmirror.com/abort-controller/-/abort-controller-3.0.0.tgz}
    name: abort-controller
    version: 3.0.0
    engines: {node: '>=6.5'}
    dependencies:
      event-target-shim: registry.npmmirror.com/event-target-shim@5.0.1
    dev: false

  registry.npmmirror.com/acorn-walk@8.3.3:
    resolution: {integrity: sha512-MxXdReSRhGO7VlFe1bRG/oI7/mdLV9B9JJT0N8vZOhF7gFRR5l3M8W9G8JxmKV+JC5mGqJ0QvqfSOLsCPa4nUw==, registry: http://registry.npm.taobao.org/, tarball: https://registry.npmmirror.com/acorn-walk/-/acorn-walk-8.3.3.tgz}
    name: acorn-walk
    version: 8.3.3
    engines: {node: '>=0.4.0'}
    dependencies:
      acorn: registry.npmmirror.com/acorn@8.12.1
    dev: false

  registry.npmmirror.com/acorn@8.12.1:
    resolution: {integrity: sha512-tcpGyI9zbizT9JbV6oYE477V6mTlXvvi0T0G3SNIYE2apm/G5huBa1+K89VGeovbg+jycCrfhl3ADxErOuO6Jg==, registry: http://registry.npm.taobao.org/, tarball: https://registry.npmmirror.com/acorn/-/acorn-8.12.1.tgz}
    name: acorn
    version: 8.12.1
    engines: {node: '>=0.4.0'}
    hasBin: true
    dev: false

  registry.npmmirror.com/agent-base@7.1.1:
    resolution: {integrity: sha512-H0TSyFNDMomMNJQBn8wFV5YC/2eJ+VXECwOadZJT554xP6cODZHPX3H9QMQECxvrgiSOP1pHjy1sMWQVYJOUOA==, registry: http://registry.npm.taobao.org/, tarball: https://registry.npmmirror.com/agent-base/-/agent-base-7.1.1.tgz}
    name: agent-base
    version: 7.1.1
    engines: {node: '>= 14'}
    dependencies:
      debug: registry.npmmirror.com/debug@4.3.6
    transitivePeerDependencies:
      - supports-color
    dev: false

  registry.npmmirror.com/arg@4.1.3:
    resolution: {integrity: sha512-58S9QDqG0Xx27YwPSt9fJxivjYl432YCwfDMfZ+71RAqUrZef7LrKQZ3LHLOwCS4FLNBplP533Zx895SeOCHvA==, registry: http://registry.npm.taobao.org/, tarball: https://registry.npmmirror.com/arg/-/arg-4.1.3.tgz}
    name: arg
    version: 4.1.3
    dev: false

  registry.npmmirror.com/async@3.2.5:
    resolution: {integrity: sha512-baNZyqaaLhyLVKm/DlvdW051MSgO6b8eVfIezl9E5PqWxFgzLm/wQntEW4zOytVburDEr0JlALEpdOFwvErLsg==, registry: http://registry.npm.taobao.org/, tarball: https://registry.npmmirror.com/async/-/async-3.2.5.tgz}
    name: async
    version: 3.2.5
    dev: false

  registry.npmmirror.com/axios@0.25.0:
    resolution: {integrity: sha512-cD8FOb0tRH3uuEe6+evtAbgJtfxr7ly3fQjYcMcuPlgkwVS9xboaVIpcDV+cYQe+yGykgwZCs1pzjntcGa6l5g==, registry: http://registry.npm.taobao.org/, tarball: https://registry.npmmirror.com/axios/-/axios-0.25.0.tgz}
    name: axios
    version: 0.25.0
    dependencies:
      follow-redirects: registry.npmmirror.com/follow-redirects@1.15.6
    transitivePeerDependencies:
      - debug
    dev: false

  registry.npmmirror.com/color-convert@1.9.3:
    resolution: {integrity: sha512-QfAUtd+vFdAtFQcC8CCyYt1fYWxSqAiK2cSD6zDB8N3cpsEBAvRxp9zOGg6G/SHHJYAT88/az/IuDGALsNVbGg==, registry: http://registry.npm.taobao.org/, tarball: https://registry.npmmirror.com/color-convert/-/color-convert-1.9.3.tgz}
    name: color-convert
    version: 1.9.3
    dependencies:
      color-name: registry.npmmirror.com/color-name@1.1.3
    dev: false

  registry.npmmirror.com/color-name@1.1.3:
    resolution: {integrity: sha512-72fSenhMw2HZMTVHeCA9KCmpEIbzWiQsjN+BHcBbS9vr1mtt+vJjPdksIBNUmKAW8TFUDPJK5SUU3QhE9NEXDw==, registry: http://registry.npm.taobao.org/, tarball: https://registry.npmmirror.com/color-name/-/color-name-1.1.3.tgz}
    name: color-name
    version: 1.1.3
    dev: false

  registry.npmmirror.com/color-name@1.1.4:
    resolution: {integrity: sha512-dOy+3AuW3a2wNbZHIuMZpTcgjGuLU/uBL/ubcZF9OXbDo8ff4O8yVp5Bf0efS8uEoYo5q4Fx7dY9OgQGXgAsQA==, registry: http://registry.npm.taobao.org/, tarball: https://registry.npmmirror.com/color-name/-/color-name-1.1.4.tgz}
    name: color-name
    version: 1.1.4
    dev: false

  registry.npmmirror.com/color-string@1.9.1:
    resolution: {integrity: sha512-shrVawQFojnZv6xM40anx4CkoDP+fZsw/ZerEMsW/pyzsRbElpsL/DBVW7q3ExxwusdNXI3lXpuhEZkzs8p5Eg==, registry: http://registry.npm.taobao.org/, tarball: https://registry.npmmirror.com/color-string/-/color-string-1.9.1.tgz}
    name: color-string
    version: 1.9.1
    dependencies:
      color-name: registry.npmmirror.com/color-name@1.1.4
      simple-swizzle: registry.npmmirror.com/simple-swizzle@0.2.2
    dev: false

  registry.npmmirror.com/color@3.2.1:
    resolution: {integrity: sha512-aBl7dZI9ENN6fUGC7mWpMTPNHmWUSNan9tuWN6ahh5ZLNk9baLJOnSMlrQkHcrfFgz2/RigjUVAjdx36VcemKA==, registry: http://registry.npm.taobao.org/, tarball: https://registry.npmmirror.com/color/-/color-3.2.1.tgz}
    name: color
    version: 3.2.1
    dependencies:
      color-convert: registry.npmmirror.com/color-convert@1.9.3
      color-string: registry.npmmirror.com/color-string@1.9.1
    dev: false

  registry.npmmirror.com/colorspace@1.1.4:
    resolution: {integrity: sha512-BgvKJiuVu1igBUF2kEjRCZXol6wiiGbY5ipL/oVPwm0BL9sIpMIzM8IK7vwuxIIzOXMV3Ey5w+vxhm0rR/TN8w==, registry: http://registry.npm.taobao.org/, tarball: https://registry.npmmirror.com/colorspace/-/colorspace-1.1.4.tgz}
    name: colorspace
    version: 1.1.4
    dependencies:
      color: registry.npmmirror.com/color@3.2.1
      text-hex: registry.npmmirror.com/text-hex@1.0.0
    dev: false

  registry.npmmirror.com/create-require@1.1.1:
    resolution: {integrity: sha512-dcKFX3jn0MpIaXjisoRvexIJVEKzaq7z2rZKxf+MSr9TkdmHmsU4m2lcLojrj/FHl8mk5VxMmYA+ftRkP/3oKQ==, registry: http://registry.npm.taobao.org/, tarball: https://registry.npmmirror.com/create-require/-/create-require-1.1.1.tgz}
    name: create-require
    version: 1.1.1
    dev: false

  registry.npmmirror.com/dataloader@2.2.2:
    resolution: {integrity: sha512-8YnDaaf7N3k/q5HnTJVuzSyLETjoZjVmHc4AeKAzOvKHEFQKcn64OKBfzHYtE9zGjctNM7V9I0MfnUVLpi7M5g==, registry: http://registry.npm.taobao.org/, tarball: https://registry.npmmirror.com/dataloader/-/dataloader-2.2.2.tgz}
    name: dataloader
    version: 2.2.2
    dev: false

  registry.npmmirror.com/debug@4.3.6:
    resolution: {integrity: sha512-O/09Bd4Z1fBrU4VzkhFqVgpPzaGbw6Sm9FEkBT1A/YBXQFGuuSxa1dN2nxgxS34JmKXqYx8CZAwEVoJFImUXIg==, registry: http://registry.npm.taobao.org/, tarball: https://registry.npmmirror.com/debug/-/debug-4.3.6.tgz}
    name: debug
    version: 4.3.6
    engines: {node: '>=6.0'}
    peerDependencies:
      supports-color: '*'
    peerDependenciesMeta:
      supports-color:
        optional: true
    dependencies:
      ms: registry.npmmirror.com/ms@2.1.2
    dev: false

  registry.npmmirror.com/diff@4.0.2:
    resolution: {integrity: sha512-58lmxKSA4BNyLz+HHMUzlOEpg09FV+ev6ZMe3vJihgdxzgcwZ8VoEEPmALCZG9LmqfVoNMMKpttIYTVG6uDY7A==, registry: http://registry.npm.taobao.org/, tarball: https://registry.npmmirror.com/diff/-/diff-4.0.2.tgz}
    name: diff
    version: 4.0.2
    engines: {node: '>=0.3.1'}
    dev: false

  registry.npmmirror.com/dotenv@16.4.5:
    resolution: {integrity: sha512-ZmdL2rui+eB2YwhsWzjInR8LldtZHGDoQ1ugH85ppHKwpUHL7j7rN0Ti9NCnGiQbhaZ11FpR+7ao1dNsmduNUg==, registry: http://registry.npm.taobao.org/, tarball: https://registry.npmmirror.com/dotenv/-/dotenv-16.4.5.tgz}
    name: dotenv
    version: 16.4.5
    engines: {node: '>=12'}
    dev: false

  registry.npmmirror.com/enabled@2.0.0:
    resolution: {integrity: sha512-AKrN98kuwOzMIdAizXGI86UFBoo26CL21UM763y1h/GMSJ4/OHU9k2YlsmBpyScFo/wbLzWQJBMCW4+IO3/+OQ==, registry: http://registry.npm.taobao.org/, tarball: https://registry.npmmirror.com/enabled/-/enabled-2.0.0.tgz}
    name: enabled
    version: 2.0.0
    dev: false

  registry.npmmirror.com/event-target-shim@5.0.1:
    resolution: {integrity: sha512-i/2XbnSz/uxRCU6+NdVJgKWDTM427+MqYbkQzD321DuCQJUqOuJKIA0IM2+W2xtYHdKOmZ4dR6fExsd4SXL+WQ==, registry: http://registry.npm.taobao.org/, tarball: https://registry.npmmirror.com/event-target-shim/-/event-target-shim-5.0.1.tgz}
    name: event-target-shim
    version: 5.0.1
    engines: {node: '>=6'}
    dev: false

  registry.npmmirror.com/fecha@4.2.3:
    resolution: {integrity: sha512-OP2IUU6HeYKJi3i0z4A19kHMQoLVs4Hc+DPqqxI2h/DPZHTm/vjsfC6P0b4jCMy14XizLBqvndQ+UilD7707Jw==, registry: http://registry.npm.taobao.org/, tarball: https://registry.npmmirror.com/fecha/-/fecha-4.2.3.tgz}
    name: fecha
    version: 4.2.3
    dev: false

  registry.npmmirror.com/fn.name@1.1.0:
    resolution: {integrity: sha512-GRnmB5gPyJpAhTQdSZTSp9uaPSvl09KoYcMQtsB9rQoOmzs9dH6ffeccH+Z+cv6P68Hu5bC6JjRh4Ah/mHSNRw==, registry: http://registry.npm.taobao.org/, tarball: https://registry.npmmirror.com/fn.name/-/fn.name-1.1.0.tgz}
    name: fn.name
    version: 1.1.0
    dev: false

  registry.npmmirror.com/follow-redirects@1.15.6:
    resolution: {integrity: sha512-wWN62YITEaOpSK584EZXJafH1AGpO8RVgElfkuXbTOrPX4fIfOyEpW/CsiNd8JdYrAoOvafRTOEnvsO++qCqFA==, registry: http://registry.npm.taobao.org/, tarball: https://registry.npmmirror.com/follow-redirects/-/follow-redirects-1.15.6.tgz}
    name: follow-redirects
    version: 1.15.6
    engines: {node: '>=4.0'}
    peerDependencies:
      debug: '*'
    peerDependenciesMeta:
      debug:
        optional: true
    dev: false

  registry.npmmirror.com/grammy@1.28.0:
    resolution: {integrity: sha512-TwCj5IHlK0I1fhfIGPIhMP61L5mmub7NMMswrpsqZSjtzo7iDDwVIz1dvsKj8FhX046AfAM/Lt99nW8FzIEKgQ==, registry: http://registry.npm.taobao.org/, tarball: https://registry.npmmirror.com/grammy/-/grammy-1.28.0.tgz}
    name: grammy
    version: 1.28.0
    engines: {node: ^12.20.0 || >=14.13.1}
    dependencies:
      '@grammyjs/types': registry.npmmirror.com/@grammyjs/types@3.12.0
      abort-controller: registry.npmmirror.com/abort-controller@3.0.0
      debug: registry.npmmirror.com/debug@4.3.6
      node-fetch: registry.npmmirror.com/node-fetch@2.7.0
    transitivePeerDependencies:
      - encoding
      - supports-color
    dev: false

  registry.npmmirror.com/https-proxy-agent@7.0.5:
    resolution: {integrity: sha512-1e4Wqeblerz+tMKPIq2EMGiiWW1dIjZOksyHWSUm1rmuvw/how9hBHZ38lAGj5ID4Ik6EdkOw7NmWPy6LAwalw==, registry: http://registry.npm.taobao.org/, tarball: https://registry.npmmirror.com/https-proxy-agent/-/https-proxy-agent-7.0.5.tgz}
    name: https-proxy-agent
    version: 7.0.5
    engines: {node: '>= 14'}
    dependencies:
      agent-base: registry.npmmirror.com/agent-base@7.1.1
      debug: registry.npmmirror.com/debug@4.3.6
    transitivePeerDependencies:
      - supports-color
    dev: false

  registry.npmmirror.com/inherits@2.0.4:
    resolution: {integrity: sha512-k/vGaX4/Yla3WzyMCvTQOXYeIHvqOKtnqBduzTHpzpQZzAskKMhZ2K+EnBiSM9zGSoIFeMpXKxa4dYeZIQqewQ==, registry: http://registry.npm.taobao.org/, tarball: https://registry.npmmirror.com/inherits/-/inherits-2.0.4.tgz}
    name: inherits
    version: 2.0.4
    dev: false

  registry.npmmirror.com/is-arrayish@0.3.2:
    resolution: {integrity: sha512-eVRqCvVlZbuw3GrM63ovNSNAeA1K16kaR/LRY/92w0zxQ5/1YzwblUX652i4Xs9RwAGjW9d9y6X88t8OaAJfWQ==, registry: http://registry.npm.taobao.org/, tarball: https://registry.npmmirror.com/is-arrayish/-/is-arrayish-0.3.2.tgz}
    name: is-arrayish
    version: 0.3.2
    dev: false

  registry.npmmirror.com/is-stream@2.0.1:
    resolution: {integrity: sha512-hFoiJiTl63nn+kstHGBtewWSKnQLpyb155KHheA1l39uvtO9nWIop1p3udqPcUd/xbF1VLMO4n7OI6p7RbngDg==, registry: http://registry.npm.taobao.org/, tarball: https://registry.npmmirror.com/is-stream/-/is-stream-2.0.1.tgz}
    name: is-stream
    version: 2.0.1
    engines: {node: '>=8'}
    dev: false

  registry.npmmirror.com/isexe@2.0.0:
    resolution: {integrity: sha512-RHxMLp9lnKHGHRng9QFhRCMbYAcVpn69smSGcq3f36xjgVVWThj4qqLbTLlq7Ssj8B+fIQ1EuCEGI2lKsyQeIw==, registry: http://registry.npm.taobao.org/, tarball: https://registry.npmmirror.com/isexe/-/isexe-2.0.0.tgz}
    name: isexe
    version: 2.0.0
    dev: false

  registry.npmmirror.com/jssha@3.2.0:
    resolution: {integrity: sha512-QuruyBENDWdN4tZwJbQq7/eAK85FqrI4oDbXjy5IBhYD+2pTJyBUWZe8ctWaCkrV0gy6AaelgOZZBMeswEa/6Q==, registry: http://registry.npm.taobao.org/, tarball: https://registry.npmmirror.com/jssha/-/jssha-3.2.0.tgz}
    name: jssha
    version: 3.2.0
    dev: false

  registry.npmmirror.com/kuler@2.0.0:
    resolution: {integrity: sha512-Xq9nH7KlWZmXAtodXDDRE7vs6DU1gTU8zYDHDiWLSip45Egwq3plLHzPn27NgvzL2r1LMPC1vdqh98sQxtqj4A==, registry: http://registry.npm.taobao.org/, tarball: https://registry.npmmirror.com/kuler/-/kuler-2.0.0.tgz}
    name: kuler
    version: 2.0.0
    dev: false

  registry.npmmirror.com/logform@2.6.1:
    resolution: {integrity: sha512-CdaO738xRapbKIMVn2m4F6KTj4j7ooJ8POVnebSgKo3KBz5axNXRAL7ZdRjIV6NOr2Uf4vjtRkxrFETOioCqSA==, registry: http://registry.npm.taobao.org/, tarball: https://registry.npmmirror.com/logform/-/logform-2.6.1.tgz}
    name: logform
    version: 2.6.1
    engines: {node: '>= 12.0.0'}
    dependencies:
      '@colors/colors': registry.npmmirror.com/@colors/colors@1.6.0
      '@types/triple-beam': registry.npmmirror.com/@types/triple-beam@1.3.5
      fecha: registry.npmmirror.com/fecha@4.2.3
      ms: registry.npmmirror.com/ms@2.1.2
      safe-stable-stringify: registry.npmmirror.com/safe-stable-stringify@2.4.3
      triple-beam: registry.npmmirror.com/triple-beam@1.4.1
    dev: false

  registry.npmmirror.com/make-error@1.3.6:
    resolution: {integrity: sha512-s8UhlNe7vPKomQhC1qFelMokr/Sc3AgNbso3n74mVPA5LTZwkB9NlXf4XPamLxJE8h0gh73rM94xvwRT2CVInw==, registry: http://registry.npm.taobao.org/, tarball: https://registry.npmmirror.com/make-error/-/make-error-1.3.6.tgz}
    name: make-error
    version: 1.3.6
    dev: false

  registry.npmmirror.com/ms@2.1.2:
    resolution: {integrity: sha512-sGkPx+VjMtmA6MX27oA4FBFELFCZZ4S4XqeGOXCv68tT+jb3vk/RyaKWP0PTKyWtmLSM0b+adUTEvbs1PEaH2w==, registry: http://registry.npm.taobao.org/, tarball: https://registry.npmmirror.com/ms/-/ms-2.1.2.tgz}
    name: ms
    version: 2.1.2
    dev: false

  registry.npmmirror.com/node-fetch@2.7.0:
    resolution: {integrity: sha512-c4FRfUm/dbcWZ7U+1Wq0AwCyFL+3nt2bEw05wfxSz+DWpWsitgmSgYmy2dQdWyKC1694ELPqMs/YzUSNozLt8A==, registry: http://registry.npm.taobao.org/, tarball: https://registry.npmmirror.com/node-fetch/-/node-fetch-2.7.0.tgz}
    name: node-fetch
    version: 2.7.0
    engines: {node: 4.x || >=6.0.0}
    peerDependencies:
      encoding: ^0.1.0
    peerDependenciesMeta:
      encoding:
        optional: true
    dependencies:
      whatwg-url: registry.npmmirror.com/whatwg-url@5.0.0
    dev: false

  registry.npmmirror.com/o-son@1.0.4:
    resolution: {integrity: sha512-tdGKxZgiTexSv97/igC2m8Y6FljgwvwHW/Zy3ql3Jx6MPKrPKaBDLhV7rz8uuLjcDPw6Pxa2PVsnWwen59MmnQ==, registry: http://registry.npm.taobao.org/, tarball: https://registry.npmmirror.com/o-son/-/o-son-1.0.4.tgz}
    name: o-son
    version: 1.0.4
    dependencies:
      '@deno/shim-deno': registry.npmmirror.com/@deno/shim-deno@0.16.1
    dev: false

  registry.npmmirror.com/one-time@1.0.0:
    resolution: {integrity: sha512-5DXOiRKwuSEcQ/l0kGCF6Q3jcADFv5tSmRaJck/OqkVFcOzutB134KRSfF0xDrL39MNnqxbHBbUUcjZIhTgb2g==, registry: http://registry.npm.taobao.org/, tarball: https://registry.npmmirror.com/one-time/-/one-time-1.0.0.tgz}
    name: one-time
    version: 1.0.0
    dependencies:
      fn.name: registry.npmmirror.com/fn.name@1.1.0
    dev: false

  registry.npmmirror.com/readable-stream@3.6.2:
    resolution: {integrity: sha512-9u/sniCrY3D5WdsERHzHE4G2YCXqoG5FTHUiCC4SIbr6XcLZBY05ya9EKjYek9O5xOAwjGq+1JdGBAS7Q9ScoA==, registry: http://registry.npm.taobao.org/, tarball: https://registry.npmmirror.com/readable-stream/-/readable-stream-3.6.2.tgz}
    name: readable-stream
    version: 3.6.2
    engines: {node: '>= 6'}
    dependencies:
      inherits: registry.npmmirror.com/inherits@2.0.4
      string_decoder: registry.npmmirror.com/string_decoder@1.3.0
      util-deprecate: registry.npmmirror.com/util-deprecate@1.0.2
    dev: false

  registry.npmmirror.com/safe-buffer@5.2.1:
    resolution: {integrity: sha512-rp3So07KcdmmKbGvgaNxQSJr7bGVSVk5S9Eq1F+ppbRo70+YeaDxkw5Dd8NPN+GD6bjnYm2VuPuCXmpuYvmCXQ==, registry: http://registry.npm.taobao.org/, tarball: https://registry.npmmirror.com/safe-buffer/-/safe-buffer-5.2.1.tgz}
    name: safe-buffer
    version: 5.2.1
    dev: false

  registry.npmmirror.com/safe-stable-stringify@2.4.3:
    resolution: {integrity: sha512-e2bDA2WJT0wxseVd4lsDP4+3ONX6HpMXQa1ZhFQ7SU+GjvORCmShbCMltrtIDfkYhVHrOcPtj+KhmDBdPdZD1g==, registry: http://registry.npm.taobao.org/, tarball: https://registry.npmmirror.com/safe-stable-stringify/-/safe-stable-stringify-2.4.3.tgz}
    name: safe-stable-stringify
    version: 2.4.3
    engines: {node: '>=10'}
    dev: false

  registry.npmmirror.com/simple-swizzle@0.2.2:
    resolution: {integrity: sha512-JA//kQgZtbuY83m+xT+tXJkmJncGMTFT+C+g2h2R9uxkYIrE2yy9sgmcLhCnw57/WSD+Eh3J97FPEDFnbXnDUg==, registry: http://registry.npm.taobao.org/, tarball: https://registry.npmmirror.com/simple-swizzle/-/simple-swizzle-0.2.2.tgz}
    name: simple-swizzle
    version: 0.2.2
    dependencies:
      is-arrayish: registry.npmmirror.com/is-arrayish@0.3.2
    dev: false

  registry.npmmirror.com/stack-trace@0.0.10:
    resolution: {integrity: sha512-KGzahc7puUKkzyMt+IqAep+TVNbKP+k2Lmwhub39m1AsTSkaDutx56aDCo+HLDzf/D26BIHTJWNiTG1KAJiQCg==, registry: http://registry.npm.taobao.org/, tarball: https://registry.npmmirror.com/stack-trace/-/stack-trace-0.0.10.tgz}
    name: stack-trace
    version: 0.0.10
    dev: false

  registry.npmmirror.com/string_decoder@1.3.0:
    resolution: {integrity: sha512-hkRX8U1WjJFd8LsDJ2yQ/wWWxaopEsABU1XfkM8A+j0+85JAGppt16cr1Whg6KIbb4okU6Mql6BOj+uup/wKeA==, registry: http://registry.npm.taobao.org/, tarball: https://registry.npmmirror.com/string_decoder/-/string_decoder-1.3.0.tgz}
    name: string_decoder
    version: 1.3.0
    dependencies:
      safe-buffer: registry.npmmirror.com/safe-buffer@5.2.1
    dev: false

  registry.npmmirror.com/symbol.inspect@1.0.1:
    resolution: {integrity: sha512-YQSL4duoHmLhsTD1Pw8RW6TZ5MaTX5rXJnqacJottr2P2LZBF/Yvrc3ku4NUpMOm8aM0KOCqM+UAkMA5HWQCzQ==, registry: http://registry.npm.taobao.org/, tarball: https://registry.npmmirror.com/symbol.inspect/-/symbol.inspect-1.0.1.tgz}
    name: symbol.inspect
    version: 1.0.1
    dev: false

  registry.npmmirror.com/teslabot@1.5.0:
    resolution: {integrity: sha512-e2MmELhCgrgZEGo7PQu/6bmYG36IDH+YrBI1iGm6jovXkeDIGa3pZ2WSqRjzkuw2vt1EqfkZoV5GpXgqL8QJVg==, registry: http://registry.npm.taobao.org/, tarball: https://registry.npmmirror.com/teslabot/-/teslabot-1.5.0.tgz}
    name: teslabot
    version: 1.5.0
    dev: false

  registry.npmmirror.com/text-hex@1.0.0:
    resolution: {integrity: sha512-uuVGNWzgJ4yhRaNSiubPY7OjISw4sw4E5Uv0wbjp+OzcbmVU/rsT8ujgcXJhn9ypzsgr5vlzpPqP+MBBKcGvbg==, registry: http://registry.npm.taobao.org/, tarball: https://registry.npmmirror.com/text-hex/-/text-hex-1.0.0.tgz}
    name: text-hex
    version: 1.0.0
    dev: false

  registry.npmmirror.com/ton-core@0.53.0(ton-crypto@3.2.0):
    resolution: {integrity: sha512-uO/U1oVLdEliWWbwfNQQK+61C+KM0ehcTdHQ6cN0WSEH2UzGfdVFpC4Wb0ph+wUYe/5njl7TA0uL9nif9Q6qwA==, registry: http://registry.npm.taobao.org/, tarball: https://registry.npmmirror.com/ton-core/-/ton-core-0.53.0.tgz}
    id: registry.npmmirror.com/ton-core/0.53.0
    name: ton-core
    version: 0.53.0
    peerDependencies:
      ton-crypto: '>=3.2.0'
    dependencies:
      symbol.inspect: registry.npmmirror.com/symbol.inspect@1.0.1
      ton-crypto: registry.npmmirror.com/ton-crypto@3.2.0
    dev: false

  registry.npmmirror.com/ton-crypto-primitives@2.0.0:
    resolution: {integrity: sha512-K+qKjpS0h9sPW6oExcpxnzuQ7nEgHEiDKwIqE/jWD25o8iFGe3FWj1gKxFNbKE9wwYKc5IV8FwrU+raF0KO5nQ==, registry: http://registry.npm.taobao.org/, tarball: https://registry.npmmirror.com/ton-crypto-primitives/-/ton-crypto-primitives-2.0.0.tgz}
    name: ton-crypto-primitives
    version: 2.0.0
    dependencies:
      jssha: registry.npmmirror.com/jssha@3.2.0
    dev: false

  registry.npmmirror.com/ton-crypto@3.2.0:
    resolution: {integrity: sha512-fltdBNQ45gARMuGMEOjPZWPJ5eSql8p3CA0Dj7tPv5lhU5ziT8SxXLAzDraR9HJ8YpjBHLVvYyhMLRiEwxgtMQ==, registry: http://registry.npm.taobao.org/, tarball: https://registry.npmmirror.com/ton-crypto/-/ton-crypto-3.2.0.tgz}
    name: ton-crypto
    version: 3.2.0
    dependencies:
      jssha: registry.npmmirror.com/jssha@3.2.0
      ton-crypto-primitives: registry.npmmirror.com/ton-crypto-primitives@2.0.0
      tweetnacl: registry.npmmirror.com/tweetnacl@1.0.3
    dev: false

  registry.npmmirror.com/ton@13.9.0(ton-core@0.53.0)(ton-crypto@3.2.0):
    resolution: {integrity: sha512-IjZa4vFsyYHzQFY3kMSK/vw8T9b4zSJlSkZOgD8qeP4AFVxcD6pZ7TxfATwLJnA/4MCbaM9DY0V076oMjluDQg==, registry: http://registry.npm.taobao.org/, tarball: https://registry.npmmirror.com/ton/-/ton-13.9.0.tgz}
    id: registry.npmmirror.com/ton/13.9.0
    name: ton
    version: 13.9.0
    peerDependencies:
      ton-core: '>=0.53.0'
      ton-crypto: '>=3.2.0'
    dependencies:
      axios: registry.npmmirror.com/axios@0.25.0
      dataloader: registry.npmmirror.com/dataloader@2.2.2
      symbol.inspect: registry.npmmirror.com/symbol.inspect@1.0.1
      teslabot: registry.npmmirror.com/teslabot@1.5.0
      ton-core: registry.npmmirror.com/ton-core@0.53.0(ton-crypto@3.2.0)
      ton-crypto: registry.npmmirror.com/ton-crypto@3.2.0
      zod: registry.npmmirror.com/zod@3.23.8
    transitivePeerDependencies:
      - debug
    dev: false

  registry.npmmirror.com/tr46@0.0.3:
    resolution: {integrity: sha512-N3WMsuqV66lT30CrXNbEjx4GEwlow3v6rr4mCcv6prnfwhS01rkgyFdjPNBYd9br7LpXV1+Emh01fHnq2Gdgrw==, registry: http://registry.npm.taobao.org/, tarball: https://registry.npmmirror.com/tr46/-/tr46-0.0.3.tgz}
    name: tr46
    version: 0.0.3
    dev: false

  registry.npmmirror.com/triple-beam@1.4.1:
    resolution: {integrity: sha512-aZbgViZrg1QNcG+LULa7nhZpJTZSLm/mXnHXnbAbjmN5aSa0y7V+wvv6+4WaBtpISJzThKy+PIPxc1Nq1EJ9mg==, registry: http://registry.npm.taobao.org/, tarball: https://registry.npmmirror.com/triple-beam/-/triple-beam-1.4.1.tgz}
    name: triple-beam
    version: 1.4.1
    engines: {node: '>= 14.0.0'}
    dev: false

  registry.npmmirror.com/ts-node@10.9.2(@types/node@22.1.0)(typescript@5.5.4):
    resolution: {integrity: sha512-f0FFpIdcHgn8zcPSbf1dRevwt047YMnaiJM3u2w2RewrB+fob/zePZcrOyQoLMMO7aBIddLcQIEK5dYjkLnGrQ==, registry: http://registry.npm.taobao.org/, tarball: https://registry.npmmirror.com/ts-node/-/ts-node-10.9.2.tgz}
    id: registry.npmmirror.com/ts-node/10.9.2
    name: ts-node
    version: 10.9.2
    hasBin: true
    peerDependencies:
      '@swc/core': '>=1.2.50'
      '@swc/wasm': '>=1.2.50'
      '@types/node': '*'
      typescript: '>=2.7'
    peerDependenciesMeta:
      '@swc/core':
        optional: true
      '@swc/wasm':
        optional: true
    dependencies:
      '@cspotcode/source-map-support': registry.npmmirror.com/@cspotcode/source-map-support@0.8.1
      '@tsconfig/node10': registry.npmmirror.com/@tsconfig/node10@1.0.11
      '@tsconfig/node12': registry.npmmirror.com/@tsconfig/node12@1.0.11
      '@tsconfig/node14': registry.npmmirror.com/@tsconfig/node14@1.0.3
      '@tsconfig/node16': registry.npmmirror.com/@tsconfig/node16@1.0.4
      '@types/node': registry.npmmirror.com/@types/node@22.1.0
      acorn: registry.npmmirror.com/acorn@8.12.1
      acorn-walk: registry.npmmirror.com/acorn-walk@8.3.3
      arg: registry.npmmirror.com/arg@4.1.3
      create-require: registry.npmmirror.com/create-require@1.1.1
      diff: registry.npmmirror.com/diff@4.0.2
      make-error: registry.npmmirror.com/make-error@1.3.6
      typescript: registry.npmmirror.com/typescript@5.5.4
      v8-compile-cache-lib: registry.npmmirror.com/v8-compile-cache-lib@3.0.1
      yn: registry.npmmirror.com/yn@3.1.1
    dev: false

  registry.npmmirror.com/tweetnacl@1.0.3:
    resolution: {integrity: sha512-6rt+RN7aOi1nGMyC4Xa5DdYiukl2UWCbcJft7YhxReBGQD7OAM8Pbxw6YMo4r2diNEA8FEmu32YOn9rhaiE5yw==, registry: http://registry.npm.taobao.org/, tarball: https://registry.npmmirror.com/tweetnacl/-/tweetnacl-1.0.3.tgz}
    name: tweetnacl
    version: 1.0.3
    dev: false

  registry.npmmirror.com/typescript@5.5.4:
    resolution: {integrity: sha512-Mtq29sKDAEYP7aljRgtPOpTvOfbwRWlS6dPRzwjdE+C0R4brX/GUyhHSecbHMFLNBLcJIPt9nl9yG5TZ1weH+Q==, registry: http://registry.npm.taobao.org/, tarball: https://registry.npmmirror.com/typescript/-/typescript-5.5.4.tgz}
    name: typescript
    version: 5.5.4
    engines: {node: '>=14.17'}
    hasBin: true

  registry.npmmirror.com/undici-types@6.13.0:
    resolution: {integrity: sha512-xtFJHudx8S2DSoujjMd1WeWvn7KKWFRESZTMeL1RptAYERu29D6jphMjjY+vn96jvN3kVPDNxU/E13VTaXj6jg==, registry: http://registry.npm.taobao.org/, tarball: https://registry.npmmirror.com/undici-types/-/undici-types-6.13.0.tgz}
    name: undici-types
    version: 6.13.0

  registry.npmmirror.com/util-deprecate@1.0.2:
    resolution: {integrity: sha512-EPD5q1uXyFxJpCrLnCc1nHnq3gOa6DZBocAIiI2TaSCA7VCJ1UJDMagCzIkXNsUYfD1daK//LTEQ8xiIbrHtcw==, registry: http://registry.npm.taobao.org/, tarball: https://registry.npmmirror.com/util-deprecate/-/util-deprecate-1.0.2.tgz}
    name: util-deprecate
    version: 1.0.2
    dev: false

  registry.npmmirror.com/v8-compile-cache-lib@3.0.1:
    resolution: {integrity: sha512-wa7YjyUGfNZngI/vtK0UHAN+lgDCxBPCylVXGp0zu59Fz5aiGtNXaq3DhIov063MorB+VfufLh3JlF2KdTK3xg==, registry: http://registry.npm.taobao.org/, tarball: https://registry.npmmirror.com/v8-compile-cache-lib/-/v8-compile-cache-lib-3.0.1.tgz}
    name: v8-compile-cache-lib
    version: 3.0.1
    dev: false

  registry.npmmirror.com/webidl-conversions@3.0.1:
    resolution: {integrity: sha512-2JAn3z8AR6rjK8Sm8orRC0h/bcl/DqL7tRPdGZ4I1CjdF+EaMLmYxBHyXuKL849eucPFhvBoxMsflfOb8kxaeQ==, registry: http://registry.npm.taobao.org/, tarball: https://registry.npmmirror.com/webidl-conversions/-/webidl-conversions-3.0.1.tgz}
    name: webidl-conversions
    version: 3.0.1
    dev: false

  registry.npmmirror.com/whatwg-url@5.0.0:
    resolution: {integrity: sha512-saE57nupxk6v3HY35+jzBwYa0rKSy0XR8JSxZPwgLr7ys0IBzhGviA1/TUGJLmSVqs8pb9AnvICXEuOHLprYTw==, registry: http://registry.npm.taobao.org/, tarball: https://registry.npmmirror.com/whatwg-url/-/whatwg-url-5.0.0.tgz}
    name: whatwg-url
    version: 5.0.0
    dependencies:
      tr46: registry.npmmirror.com/tr46@0.0.3
      webidl-conversions: registry.npmmirror.com/webidl-conversions@3.0.1
    dev: false

  registry.npmmirror.com/which@2.0.2:
    resolution: {integrity: sha512-BLI3Tl1TW3Pvl70l3yq3Y64i+awpwXqsGBYWkkqMtnbXgrMD+yj7rhW0kuEDxzJaYXGjEW5ogapKNMEKNMjibA==, registry: http://registry.npm.taobao.org/, tarball: https://registry.npmmirror.com/which/-/which-2.0.2.tgz}
    name: which
    version: 2.0.2
    engines: {node: '>= 8'}
    hasBin: true
    dependencies:
      isexe: registry.npmmirror.com/isexe@2.0.0
    dev: false

  registry.npmmirror.com/winston-transport@4.7.1:
    resolution: {integrity: sha512-wQCXXVgfv/wUPOfb2x0ruxzwkcZfxcktz6JIMUaPLmcNhO4bZTwA/WtDWK74xV3F2dKu8YadrFv0qhwYjVEwhA==, registry: http://registry.npm.taobao.org/, tarball: https://registry.npmmirror.com/winston-transport/-/winston-transport-4.7.1.tgz}
    name: winston-transport
    version: 4.7.1
    engines: {node: '>= 12.0.0'}
    dependencies:
      logform: registry.npmmirror.com/logform@2.6.1
      readable-stream: registry.npmmirror.com/readable-stream@3.6.2
      triple-beam: registry.npmmirror.com/triple-beam@1.4.1
    dev: false

  registry.npmmirror.com/winston@3.13.1:
    resolution: {integrity: sha512-SvZit7VFNvXRzbqGHsv5KSmgbEYR5EiQfDAL9gxYkRqa934Hnk++zze0wANKtMHcy/gI4W/3xmSDwlhf865WGw==, registry: http://registry.npm.taobao.org/, tarball: https://registry.npmmirror.com/winston/-/winston-3.13.1.tgz}
    name: winston
    version: 3.13.1
    engines: {node: '>= 12.0.0'}
    dependencies:
      '@colors/colors': registry.npmmirror.com/@colors/colors@1.6.0
      '@dabh/diagnostics': registry.npmmirror.com/@dabh/diagnostics@2.0.3
      async: registry.npmmirror.com/async@3.2.5
      is-stream: registry.npmmirror.com/is-stream@2.0.1
      logform: registry.npmmirror.com/logform@2.6.1
      one-time: registry.npmmirror.com/one-time@1.0.0
      readable-stream: registry.npmmirror.com/readable-stream@3.6.2
      safe-stable-stringify: registry.npmmirror.com/safe-stable-stringify@2.4.3
      stack-trace: registry.npmmirror.com/stack-trace@0.0.10
      triple-beam: registry.npmmirror.com/triple-beam@1.4.1
      winston-transport: registry.npmmirror.com/winston-transport@4.7.1
    dev: false

  registry.npmmirror.com/yn@3.1.1:
    resolution: {integrity: sha512-Ux4ygGWsu2c7isFWe8Yu1YluJmqVhxqK2cLXNQA5AcC3QfbGNpM7fu0Y8b/z16pXLnFxZYvWhd3fhBY9DLmC6Q==, registry: http://registry.npm.taobao.org/, tarball: https://registry.npmmirror.com/yn/-/yn-3.1.1.tgz}
    name: yn
    version: 3.1.1
    engines: {node: '>=6'}
    dev: false

  registry.npmmirror.com/zod@3.23.8:
    resolution: {integrity: sha512-XBx9AXhXktjUqnepgTiE5flcKIYWi/rme0Eaj+5Y0lftuGBq+jyRu/md4WnuxqgP1ubdpNCsYEYPxrzVHD8d6g==, registry: http://registry.npm.taobao.org/, tarball: https://registry.npmmirror.com/zod/-/zod-3.23.8.tgz}
    name: zod
    version: 3.23.8
    dev: false
