lockfileVersion: '6.0'

dependencies:
  '@grammyjs/conversations':
    specifier: ^1.2.0
    version: registry.npmmirror.com/@grammyjs/conversations@1.2.0(grammy@1.28.0)
  dotenv:
    specifier: ^16.4.5
    version: registry.npmmirror.com/dotenv@16.4.5
  grammy:
    specifier: ^1.28.0
    version: registry.npmmirror.com/grammy@1.28.0
  ts-node:
    specifier: ^10.9.2
    version: registry.npmmirror.com/ts-node@10.9.2(@types/node@22.1.0)(typescript@5.5.4)

devDependencies:
  '@types/node':
    specifier: ^22.1.0
    version: registry.npmmirror.com/@types/node@22.1.0
  typescript:
    specifier: ^5.5.4
    version: registry.npmmirror.com/typescript@5.5.4

packages:

  registry.npmmirror.com/@cspotcode/source-map-support@0.8.1:
    resolution: {integrity: sha512-IchNf6dN4tHoMFIn/7OE8LWZ19Y6q/67Bmf6vnGREv8RSbBVb9LPJxEcnwrcwX6ixSvaiGoomAUvu4YSxXrVgw==, registry: http://registry.npm.taobao.org/, tarball: https://registry.npmmirror.com/@cspotcode/source-map-support/-/source-map-support-0.8.1.tgz}
    name: '@cspotcode/source-map-support'
    version: 0.8.1
    engines: {node: '>=12'}
    dependencies:
      '@jridgewell/trace-mapping': registry.npmmirror.com/@jridgewell/trace-mapping@0.3.9
    dev: false

  registry.npmmirror.com/@deno/shim-deno-test@0.4.0:
    resolution: {integrity: sha512-oYWcD7CpERZy/TXMTM9Tgh1HD/POHlbY9WpzmAk+5H8DohcxG415Qws8yLGlim3EaKBT2v3lJv01x4G0BosnaQ==, registry: http://registry.npm.taobao.org/, tarball: https://registry.npmmirror.com/@deno/shim-deno-test/-/shim-deno-test-0.4.0.tgz}
    name: '@deno/shim-deno-test'
    version: 0.4.0
    dev: false

  registry.npmmirror.com/@deno/shim-deno@0.16.1:
    resolution: {integrity: sha512-s9v0kzF5bm/o9TgdwvsraHx6QNllYrXXmKzgOG2lh4LFXnVMr2gpjK/c/ve6EflQn1MqImcWmVD8HAv5ahuuZQ==, registry: http://registry.npm.taobao.org/, tarball: https://registry.npmmirror.com/@deno/shim-deno/-/shim-deno-0.16.1.tgz}
    name: '@deno/shim-deno'
    version: 0.16.1
    dependencies:
      '@deno/shim-deno-test': registry.npmmirror.com/@deno/shim-deno-test@0.4.0
      which: registry.npmmirror.com/which@2.0.2
    dev: false

  registry.npmmirror.com/@grammyjs/conversations@1.2.0(grammy@1.28.0):
    resolution: {integrity: sha512-d06nGFPlcea4UqjOcxCm5rwiV74bZQVUWQl3YVQp5TwC0oCHNK+PXgqaKkVgkfcYSMyx3dADRBuBkcGt+yiyDA==, registry: http://registry.npm.taobao.org/, tarball: https://registry.npmmirror.com/@grammyjs/conversations/-/conversations-1.2.0.tgz}
    id: registry.npmmirror.com/@grammyjs/conversations/1.2.0
    name: '@grammyjs/conversations'
    version: 1.2.0
    engines: {node: ^12.20.0 || >=14.13.1}
    peerDependencies:
      grammy: ^1.20.1
    dependencies:
      debug: registry.npmmirror.com/debug@4.3.6
      grammy: registry.npmmirror.com/grammy@1.28.0
      o-son: registry.npmmirror.com/o-son@1.0.4
    transitivePeerDependencies:
      - supports-color
    dev: false

  registry.npmmirror.com/@grammyjs/types@3.12.0:
    resolution: {integrity: sha512-ttC8mFeE+52XwpuXzWarvj5CXWRL2PfHSf1X3WDBC7EzQUqrbPLjJTMnm2ikSOqyTwVseJhtujZ+v42A6NbZmQ==, registry: http://registry.npm.taobao.org/, tarball: https://registry.npmmirror.com/@grammyjs/types/-/types-3.12.0.tgz}
    name: '@grammyjs/types'
    version: 3.12.0
    dev: false

  registry.npmmirror.com/@jridgewell/resolve-uri@3.1.2:
    resolution: {integrity: sha512-bRISgCIjP20/tbWSPWMEi54QVPRZExkuD9lJL+UIxUKtwVJA8wW1Trb1jMs1RFXo1CBTNZ/5hpC9QvmKWdopKw==, registry: http://registry.npm.taobao.org/, tarball: https://registry.npmmirror.com/@jridgewell/resolve-uri/-/resolve-uri-3.1.2.tgz}
    name: '@jridgewell/resolve-uri'
    version: 3.1.2
    engines: {node: '>=6.0.0'}
    dev: false

  registry.npmmirror.com/@jridgewell/sourcemap-codec@1.5.0:
    resolution: {integrity: sha512-gv3ZRaISU3fjPAgNsriBRqGWQL6quFx04YMPW/zD8XMLsU32mhCCbfbO6KZFLjvYpCZ8zyDEgqsgf+PwPaM7GQ==, registry: http://registry.npm.taobao.org/, tarball: https://registry.npmmirror.com/@jridgewell/sourcemap-codec/-/sourcemap-codec-1.5.0.tgz}
    name: '@jridgewell/sourcemap-codec'
    version: 1.5.0
    dev: false

  registry.npmmirror.com/@jridgewell/trace-mapping@0.3.9:
    resolution: {integrity: sha512-3Belt6tdc8bPgAtbcmdtNJlirVoTmEb5e2gC94PnkwEW9jI6CAHUeoG85tjWP5WquqfavoMtMwiG4P926ZKKuQ==, registry: http://registry.npm.taobao.org/, tarball: https://registry.npmmirror.com/@jridgewell/trace-mapping/-/trace-mapping-0.3.9.tgz}
    name: '@jridgewell/trace-mapping'
    version: 0.3.9
    dependencies:
      '@jridgewell/resolve-uri': registry.npmmirror.com/@jridgewell/resolve-uri@3.1.2
      '@jridgewell/sourcemap-codec': registry.npmmirror.com/@jridgewell/sourcemap-codec@1.5.0
    dev: false

  registry.npmmirror.com/@tsconfig/node10@1.0.11:
    resolution: {integrity: sha512-DcRjDCujK/kCk/cUe8Xz8ZSpm8mS3mNNpta+jGCA6USEDfktlNvm1+IuZ9eTcDbNk41BHwpHHeW+N1lKCz4zOw==, registry: http://registry.npm.taobao.org/, tarball: https://registry.npmmirror.com/@tsconfig/node10/-/node10-1.0.11.tgz}
    name: '@tsconfig/node10'
    version: 1.0.11
    dev: false

  registry.npmmirror.com/@tsconfig/node12@1.0.11:
    resolution: {integrity: sha512-cqefuRsh12pWyGsIoBKJA9luFu3mRxCA+ORZvA4ktLSzIuCUtWVxGIuXigEwO5/ywWFMZ2QEGKWvkZG1zDMTag==, registry: http://registry.npm.taobao.org/, tarball: https://registry.npmmirror.com/@tsconfig/node12/-/node12-1.0.11.tgz}
    name: '@tsconfig/node12'
    version: 1.0.11
    dev: false

  registry.npmmirror.com/@tsconfig/node14@1.0.3:
    resolution: {integrity: sha512-ysT8mhdixWK6Hw3i1V2AeRqZ5WfXg1G43mqoYlM2nc6388Fq5jcXyr5mRsqViLx/GJYdoL0bfXD8nmF+Zn/Iow==, registry: http://registry.npm.taobao.org/, tarball: https://registry.npmmirror.com/@tsconfig/node14/-/node14-1.0.3.tgz}
    name: '@tsconfig/node14'
    version: 1.0.3
    dev: false

  registry.npmmirror.com/@tsconfig/node16@1.0.4:
    resolution: {integrity: sha512-vxhUy4J8lyeyinH7Azl1pdd43GJhZH/tP2weN8TntQblOY+A0XbT8DJk1/oCPuOOyg/Ja757rG0CgHcWC8OfMA==, registry: http://registry.npm.taobao.org/, tarball: https://registry.npmmirror.com/@tsconfig/node16/-/node16-1.0.4.tgz}
    name: '@tsconfig/node16'
    version: 1.0.4
    dev: false

  registry.npmmirror.com/@types/node@22.1.0:
    resolution: {integrity: sha512-AOmuRF0R2/5j1knA3c6G3HOk523Ga+l+ZXltX8SF1+5oqcXijjfTd8fY3XRZqSihEu9XhtQnKYLmkFaoxgsJHw==, registry: http://registry.npm.taobao.org/, tarball: https://registry.npmmirror.com/@types/node/-/node-22.1.0.tgz}
    name: '@types/node'
    version: 22.1.0
    dependencies:
      undici-types: registry.npmmirror.com/undici-types@6.13.0

  registry.npmmirror.com/abort-controller@3.0.0:
    resolution: {integrity: sha512-h8lQ8tacZYnR3vNQTgibj+tODHI5/+l06Au2Pcriv/Gmet0eaj4TwWH41sO9wnHDiQsEj19q0drzdWdeAHtweg==, registry: http://registry.npm.taobao.org/, tarball: https://registry.npmmirror.com/abort-controller/-/abort-controller-3.0.0.tgz}
    name: abort-controller
    version: 3.0.0
    engines: {node: '>=6.5'}
    dependencies:
      event-target-shim: registry.npmmirror.com/event-target-shim@5.0.1
    dev: false

  registry.npmmirror.com/acorn-walk@8.3.3:
    resolution: {integrity: sha512-MxXdReSRhGO7VlFe1bRG/oI7/mdLV9B9JJT0N8vZOhF7gFRR5l3M8W9G8JxmKV+JC5mGqJ0QvqfSOLsCPa4nUw==, registry: http://registry.npm.taobao.org/, tarball: https://registry.npmmirror.com/acorn-walk/-/acorn-walk-8.3.3.tgz}
    name: acorn-walk
    version: 8.3.3
    engines: {node: '>=0.4.0'}
    dependencies:
      acorn: registry.npmmirror.com/acorn@8.12.1
    dev: false

  registry.npmmirror.com/acorn@8.12.1:
    resolution: {integrity: sha512-tcpGyI9zbizT9JbV6oYE477V6mTlXvvi0T0G3SNIYE2apm/G5huBa1+K89VGeovbg+jycCrfhl3ADxErOuO6Jg==, registry: http://registry.npm.taobao.org/, tarball: https://registry.npmmirror.com/acorn/-/acorn-8.12.1.tgz}
    name: acorn
    version: 8.12.1
    engines: {node: '>=0.4.0'}
    hasBin: true
    dev: false

  registry.npmmirror.com/arg@4.1.3:
    resolution: {integrity: sha512-58S9QDqG0Xx27YwPSt9fJxivjYl432YCwfDMfZ+71RAqUrZef7LrKQZ3LHLOwCS4FLNBplP533Zx895SeOCHvA==, registry: http://registry.npm.taobao.org/, tarball: https://registry.npmmirror.com/arg/-/arg-4.1.3.tgz}
    name: arg
    version: 4.1.3
    dev: false

  registry.npmmirror.com/create-require@1.1.1:
    resolution: {integrity: sha512-dcKFX3jn0MpIaXjisoRvexIJVEKzaq7z2rZKxf+MSr9TkdmHmsU4m2lcLojrj/FHl8mk5VxMmYA+ftRkP/3oKQ==, registry: http://registry.npm.taobao.org/, tarball: https://registry.npmmirror.com/create-require/-/create-require-1.1.1.tgz}
    name: create-require
    version: 1.1.1
    dev: false

  registry.npmmirror.com/debug@4.3.6:
    resolution: {integrity: sha512-O/09Bd4Z1fBrU4VzkhFqVgpPzaGbw6Sm9FEkBT1A/YBXQFGuuSxa1dN2nxgxS34JmKXqYx8CZAwEVoJFImUXIg==, registry: http://registry.npm.taobao.org/, tarball: https://registry.npmmirror.com/debug/-/debug-4.3.6.tgz}
    name: debug
    version: 4.3.6
    engines: {node: '>=6.0'}
    peerDependencies:
      supports-color: '*'
    peerDependenciesMeta:
      supports-color:
        optional: true
    dependencies:
      ms: registry.npmmirror.com/ms@2.1.2
    dev: false

  registry.npmmirror.com/diff@4.0.2:
    resolution: {integrity: sha512-58lmxKSA4BNyLz+HHMUzlOEpg09FV+ev6ZMe3vJihgdxzgcwZ8VoEEPmALCZG9LmqfVoNMMKpttIYTVG6uDY7A==, registry: http://registry.npm.taobao.org/, tarball: https://registry.npmmirror.com/diff/-/diff-4.0.2.tgz}
    name: diff
    version: 4.0.2
    engines: {node: '>=0.3.1'}
    dev: false

  registry.npmmirror.com/dotenv@16.4.5:
    resolution: {integrity: sha512-ZmdL2rui+eB2YwhsWzjInR8LldtZHGDoQ1ugH85ppHKwpUHL7j7rN0Ti9NCnGiQbhaZ11FpR+7ao1dNsmduNUg==, registry: http://registry.npm.taobao.org/, tarball: https://registry.npmmirror.com/dotenv/-/dotenv-16.4.5.tgz}
    name: dotenv
    version: 16.4.5
    engines: {node: '>=12'}
    dev: false

  registry.npmmirror.com/event-target-shim@5.0.1:
    resolution: {integrity: sha512-i/2XbnSz/uxRCU6+NdVJgKWDTM427+MqYbkQzD321DuCQJUqOuJKIA0IM2+W2xtYHdKOmZ4dR6fExsd4SXL+WQ==, registry: http://registry.npm.taobao.org/, tarball: https://registry.npmmirror.com/event-target-shim/-/event-target-shim-5.0.1.tgz}
    name: event-target-shim
    version: 5.0.1
    engines: {node: '>=6'}
    dev: false

  registry.npmmirror.com/grammy@1.28.0:
    resolution: {integrity: sha512-TwCj5IHlK0I1fhfIGPIhMP61L5mmub7NMMswrpsqZSjtzo7iDDwVIz1dvsKj8FhX046AfAM/Lt99nW8FzIEKgQ==, registry: http://registry.npm.taobao.org/, tarball: https://registry.npmmirror.com/grammy/-/grammy-1.28.0.tgz}
    name: grammy
    version: 1.28.0
    engines: {node: ^12.20.0 || >=14.13.1}
    dependencies:
      '@grammyjs/types': registry.npmmirror.com/@grammyjs/types@3.12.0
      abort-controller: registry.npmmirror.com/abort-controller@3.0.0
      debug: registry.npmmirror.com/debug@4.3.6
      node-fetch: registry.npmmirror.com/node-fetch@2.7.0
    transitivePeerDependencies:
      - encoding
      - supports-color
    dev: false

  registry.npmmirror.com/isexe@2.0.0:
    resolution: {integrity: sha512-RHxMLp9lnKHGHRng9QFhRCMbYAcVpn69smSGcq3f36xjgVVWThj4qqLbTLlq7Ssj8B+fIQ1EuCEGI2lKsyQeIw==, registry: http://registry.npm.taobao.org/, tarball: https://registry.npmmirror.com/isexe/-/isexe-2.0.0.tgz}
    name: isexe
    version: 2.0.0
    dev: false

  registry.npmmirror.com/make-error@1.3.6:
    resolution: {integrity: sha512-s8UhlNe7vPKomQhC1qFelMokr/Sc3AgNbso3n74mVPA5LTZwkB9NlXf4XPamLxJE8h0gh73rM94xvwRT2CVInw==, registry: http://registry.npm.taobao.org/, tarball: https://registry.npmmirror.com/make-error/-/make-error-1.3.6.tgz}
    name: make-error
    version: 1.3.6
    dev: false

  registry.npmmirror.com/ms@2.1.2:
    resolution: {integrity: sha512-sGkPx+VjMtmA6MX27oA4FBFELFCZZ4S4XqeGOXCv68tT+jb3vk/RyaKWP0PTKyWtmLSM0b+adUTEvbs1PEaH2w==, registry: http://registry.npm.taobao.org/, tarball: https://registry.npmmirror.com/ms/-/ms-2.1.2.tgz}
    name: ms
    version: 2.1.2
    dev: false

  registry.npmmirror.com/node-fetch@2.7.0:
    resolution: {integrity: sha512-c4FRfUm/dbcWZ7U+1Wq0AwCyFL+3nt2bEw05wfxSz+DWpWsitgmSgYmy2dQdWyKC1694ELPqMs/YzUSNozLt8A==, registry: http://registry.npm.taobao.org/, tarball: https://registry.npmmirror.com/node-fetch/-/node-fetch-2.7.0.tgz}
    name: node-fetch
    version: 2.7.0
    engines: {node: 4.x || >=6.0.0}
    peerDependencies:
      encoding: ^0.1.0
    peerDependenciesMeta:
      encoding:
        optional: true
    dependencies:
      whatwg-url: registry.npmmirror.com/whatwg-url@5.0.0
    dev: false

  registry.npmmirror.com/o-son@1.0.4:
    resolution: {integrity: sha512-tdGKxZgiTexSv97/igC2m8Y6FljgwvwHW/Zy3ql3Jx6MPKrPKaBDLhV7rz8uuLjcDPw6Pxa2PVsnWwen59MmnQ==, registry: http://registry.npm.taobao.org/, tarball: https://registry.npmmirror.com/o-son/-/o-son-1.0.4.tgz}
    name: o-son
    version: 1.0.4
    dependencies:
      '@deno/shim-deno': registry.npmmirror.com/@deno/shim-deno@0.16.1
    dev: false

  registry.npmmirror.com/tr46@0.0.3:
    resolution: {integrity: sha512-N3WMsuqV66lT30CrXNbEjx4GEwlow3v6rr4mCcv6prnfwhS01rkgyFdjPNBYd9br7LpXV1+Emh01fHnq2Gdgrw==, registry: http://registry.npm.taobao.org/, tarball: https://registry.npmmirror.com/tr46/-/tr46-0.0.3.tgz}
    name: tr46
    version: 0.0.3
    dev: false

  registry.npmmirror.com/ts-node@10.9.2(@types/node@22.1.0)(typescript@5.5.4):
    resolution: {integrity: sha512-f0FFpIdcHgn8zcPSbf1dRevwt047YMnaiJM3u2w2RewrB+fob/zePZcrOyQoLMMO7aBIddLcQIEK5dYjkLnGrQ==, registry: http://registry.npm.taobao.org/, tarball: https://registry.npmmirror.com/ts-node/-/ts-node-10.9.2.tgz}
    id: registry.npmmirror.com/ts-node/10.9.2
    name: ts-node
    version: 10.9.2
    hasBin: true
    peerDependencies:
      '@swc/core': '>=1.2.50'
      '@swc/wasm': '>=1.2.50'
      '@types/node': '*'
      typescript: '>=2.7'
    peerDependenciesMeta:
      '@swc/core':
        optional: true
      '@swc/wasm':
        optional: true
    dependencies:
      '@cspotcode/source-map-support': registry.npmmirror.com/@cspotcode/source-map-support@0.8.1
      '@tsconfig/node10': registry.npmmirror.com/@tsconfig/node10@1.0.11
      '@tsconfig/node12': registry.npmmirror.com/@tsconfig/node12@1.0.11
      '@tsconfig/node14': registry.npmmirror.com/@tsconfig/node14@1.0.3
      '@tsconfig/node16': registry.npmmirror.com/@tsconfig/node16@1.0.4
      '@types/node': registry.npmmirror.com/@types/node@22.1.0
      acorn: registry.npmmirror.com/acorn@8.12.1
      acorn-walk: registry.npmmirror.com/acorn-walk@8.3.3
      arg: registry.npmmirror.com/arg@4.1.3
      create-require: registry.npmmirror.com/create-require@1.1.1
      diff: registry.npmmirror.com/diff@4.0.2
      make-error: registry.npmmirror.com/make-error@1.3.6
      typescript: registry.npmmirror.com/typescript@5.5.4
      v8-compile-cache-lib: registry.npmmirror.com/v8-compile-cache-lib@3.0.1
      yn: registry.npmmirror.com/yn@3.1.1
    dev: false

  registry.npmmirror.com/typescript@5.5.4:
    resolution: {integrity: sha512-Mtq29sKDAEYP7aljRgtPOpTvOfbwRWlS6dPRzwjdE+C0R4brX/GUyhHSecbHMFLNBLcJIPt9nl9yG5TZ1weH+Q==, registry: http://registry.npm.taobao.org/, tarball: https://registry.npmmirror.com/typescript/-/typescript-5.5.4.tgz}
    name: typescript
    version: 5.5.4
    engines: {node: '>=14.17'}
    hasBin: true

  registry.npmmirror.com/undici-types@6.13.0:
    resolution: {integrity: sha512-xtFJHudx8S2DSoujjMd1WeWvn7KKWFRESZTMeL1RptAYERu29D6jphMjjY+vn96jvN3kVPDNxU/E13VTaXj6jg==, registry: http://registry.npm.taobao.org/, tarball: https://registry.npmmirror.com/undici-types/-/undici-types-6.13.0.tgz}
    name: undici-types
    version: 6.13.0

  registry.npmmirror.com/v8-compile-cache-lib@3.0.1:
    resolution: {integrity: sha512-wa7YjyUGfNZngI/vtK0UHAN+lgDCxBPCylVXGp0zu59Fz5aiGtNXaq3DhIov063MorB+VfufLh3JlF2KdTK3xg==, registry: http://registry.npm.taobao.org/, tarball: https://registry.npmmirror.com/v8-compile-cache-lib/-/v8-compile-cache-lib-3.0.1.tgz}
    name: v8-compile-cache-lib
    version: 3.0.1
    dev: false

  registry.npmmirror.com/webidl-conversions@3.0.1:
    resolution: {integrity: sha512-2JAn3z8AR6rjK8Sm8orRC0h/bcl/DqL7tRPdGZ4I1CjdF+EaMLmYxBHyXuKL849eucPFhvBoxMsflfOb8kxaeQ==, registry: http://registry.npm.taobao.org/, tarball: https://registry.npmmirror.com/webidl-conversions/-/webidl-conversions-3.0.1.tgz}
    name: webidl-conversions
    version: 3.0.1
    dev: false

  registry.npmmirror.com/whatwg-url@5.0.0:
    resolution: {integrity: sha512-saE57nupxk6v3HY35+jzBwYa0rKSy0XR8JSxZPwgLr7ys0IBzhGviA1/TUGJLmSVqs8pb9AnvICXEuOHLprYTw==, registry: http://registry.npm.taobao.org/, tarball: https://registry.npmmirror.com/whatwg-url/-/whatwg-url-5.0.0.tgz}
    name: whatwg-url
    version: 5.0.0
    dependencies:
      tr46: registry.npmmirror.com/tr46@0.0.3
      webidl-conversions: registry.npmmirror.com/webidl-conversions@3.0.1
    dev: false

  registry.npmmirror.com/which@2.0.2:
    resolution: {integrity: sha512-BLI3Tl1TW3Pvl70l3yq3Y64i+awpwXqsGBYWkkqMtnbXgrMD+yj7rhW0kuEDxzJaYXGjEW5ogapKNMEKNMjibA==, registry: http://registry.npm.taobao.org/, tarball: https://registry.npmmirror.com/which/-/which-2.0.2.tgz}
    name: which
    version: 2.0.2
    engines: {node: '>= 8'}
    hasBin: true
    dependencies:
      isexe: registry.npmmirror.com/isexe@2.0.0
    dev: false

  registry.npmmirror.com/yn@3.1.1:
    resolution: {integrity: sha512-Ux4ygGWsu2c7isFWe8Yu1YluJmqVhxqK2cLXNQA5AcC3QfbGNpM7fu0Y8b/z16pXLnFxZYvWhd3fhBY9DLmC6Q==, registry: http://registry.npm.taobao.org/, tarball: https://registry.npmmirror.com/yn/-/yn-3.1.1.tgz}
    name: yn
    version: 3.1.1
    engines: {node: '>=6'}
    dev: false
